<?xml version="1.0" encoding="utf-8"?>
<Project ToolsVersion="4.0" xmlns="http://schemas.microsoft.com/developer/msbuild/2003">
  <ItemGroup>
    <Filter Include="Source Files">
      <UniqueIdentifier>{4FC737F1-C7A5-4376-A066-2A32D752A2FF}</UniqueIdentifier>
      <Extensions>cpp;c;cc;cxx;def;odl;idl;hpj;bat;asm;asmx</Extensions>
    </Filter>
    <Filter Include="Header Files">
      <UniqueIdentifier>{93995380-89BD-4b04-88EB-625FBE52EBFB}</UniqueIdentifier>
      <Extensions>h;hpp;hxx;hm;inl;inc;xsd</Extensions>
    </Filter>
    <Filter Include="Resource Files">
      <UniqueIdentifier>{67DA6AB6-F800-4c08-8B7A-83BB121AAD01}</UniqueIdentifier>
      <Extensions>rc;ico;cur;bmp;dlg;rc2;rct;bin;rgs;gif;jpg;jpeg;jpe;resx;tiff;tif;png;wav;mfcribbon-ms</Extensions>
    </Filter>
    <Filter Include="Header Files\SubSystems">
      <UniqueIdentifier>{878e1d35-055b-48f0-b54b-8cd8991e7e86}</UniqueIdentifier>
    </Filter>
    <Filter Include="Source Files\SubSystem">
      <UniqueIdentifier>{04326cf8-624c-4a9e-b107-7eabe485dc7b}</UniqueIdentifier>
    </Filter>
    <Filter Include="Source Files\SubSystem\AOCS">
      <UniqueIdentifier>{8942758f-0dbb-4582-bb43-cb0f454cc7cb}</UniqueIdentifier>
    </Filter>
    <Filter Include="Header Files\SubSystems\AOCS">
      <UniqueIdentifier>{f128e719-f28b-4f5f-817b-956ed3eb3d36}</UniqueIdentifier>
    </Filter>
    <Filter Include="Header Files\SubSystems\PSS">
      <UniqueIdentifier>{19659590-2210-4f3c-95a9-82dc63148aa2}</UniqueIdentifier>
    </Filter>
    <Filter Include="Header Files\SubSystems\ECLSS">
      <UniqueIdentifier>{e9413c9c-a023-4234-9d67-f8d32ba36e39}</UniqueIdentifier>
    </Filter>
    <Filter Include="Header Files\SubSystems\OBDH">
      <UniqueIdentifier>{608d1ff9-e755-490c-99c5-7e5c7bec2c28}</UniqueIdentifier>
    </Filter>
    <Filter Include="Header Files\SubSystems\TCS">
      <UniqueIdentifier>{02160e6c-11f8-4b97-b303-45989b6134dd}</UniqueIdentifier>
    </Filter>
    <Filter Include="Header Files\SubSystems\TTC">
      <UniqueIdentifier>{d380c186-8762-429d-9325-342d3f9caccf}</UniqueIdentifier>
    </Filter>
    <Filter Include="Header Files\SubSystems\Misc">
      <UniqueIdentifier>{e715075a-e333-49b7-b81a-e0c8e22e8856}</UniqueIdentifier>
    </Filter>
    <Filter Include="Source Files\SubSystem\ECLSS">
      <UniqueIdentifier>{48978e77-874c-40fd-9aee-bce0374c9aff}</UniqueIdentifier>
    </Filter>
    <Filter Include="Source Files\SubSystem\Misc">
      <UniqueIdentifier>{8f818299-6e83-43fa-9706-57fb8e7090dd}</UniqueIdentifier>
    </Filter>
    <Filter Include="Source Files\SubSystem\TTC">
      <UniqueIdentifier>{e459a1f1-61e8-4dd1-bbde-43cb2269e228}</UniqueIdentifier>
    </Filter>
    <Filter Include="Source Files\SubSystem\TCS">
      <UniqueIdentifier>{4e75e93d-856f-45d5-ab7d-b86c3645961d}</UniqueIdentifier>
    </Filter>
    <Filter Include="Source Files\SubSystem\OBDH">
      <UniqueIdentifier>{0b1108a8-c3a8-4376-96bd-4e95c7364af7}</UniqueIdentifier>
    </Filter>
    <Filter Include="Source Files\SubSystem\PSS">
      <UniqueIdentifier>{102494e3-23f6-4781-95e1-f001f0bd4e04}</UniqueIdentifier>
    </Filter>
    <Filter Include="Source Files\External">
      <UniqueIdentifier>{60218a39-d7a3-45dd-9299-f6cfcdd5f1ae}</UniqueIdentifier>
    </Filter>
    <Filter Include="Header Files\External">
      <UniqueIdentifier>{e401aca3-c090-4d99-826d-045912d603a6}</UniqueIdentifier>
    </Filter>
    <Filter Include="Header Files\MyInstruments">
      <UniqueIdentifier>{14eeb6ed-ddab-4432-9497-7745a2e5ba84}</UniqueIdentifier>
    </Filter>
    <Filter Include="Source Files\MyInstruments">
      <UniqueIdentifier>{583c5575-41f7-46a3-bff0-6c586dd8aaf2}</UniqueIdentifier>
    </Filter>
  </ItemGroup>
  <ItemGroup>
    <ClCompile Include="Creator.cpp">
      <Filter>Source Files</Filter>
    </ClCompile>
    <ClCompile Include="Logger.cpp">
      <Filter>Source Files</Filter>
    </ClCompile>
    <ClCompile Include="Thruster.cpp">
      <Filter>Source Files\SubSystem\AOCS</Filter>
    </ClCompile>
    <ClCompile Include="Link.cpp">
      <Filter>Source Files\SubSystem</Filter>
    </ClCompile>
    <ClCompile Include="Port.cpp">
      <Filter>Source Files\SubSystem</Filter>
    </ClCompile>
    <ClCompile Include="SubSystem.cpp">
      <Filter>Source Files\SubSystem</Filter>
    </ClCompile>
    <ClCompile Include="OxygenTank.cpp">
      <Filter>Source Files\SubSystem\Misc</Filter>
    </ClCompile>
    <ClCompile Include="Radiator.cpp">
      <Filter>Source Files\SubSystem\TCS</Filter>
    </ClCompile>
    <ClCompile Include="WaterTank.cpp">
      <Filter>Source Files\SubSystem\Misc</Filter>
    </ClCompile>
    <ClCompile Include="HydrogenTank.cpp">
      <Filter>Source Files\SubSystem\Misc</Filter>
    </ClCompile>
    <ClCompile Include="Battery.cpp">
      <Filter>Source Files\SubSystem\PSS</Filter>
    </ClCompile>
    <ClCompile Include="FuelCell.cpp">
      <Filter>Source Files\SubSystem\PSS</Filter>
    </ClCompile>
    <ClCompile Include="ThermalFissionGenerator.cpp">
      <Filter>Source Files\SubSystem\PSS</Filter>
    </ClCompile>
    <ClCompile Include="Instrument.cpp">
      <Filter>Source Files\External</Filter>
    </ClCompile>
    <ClCompile Include="Bar.cpp">
      <Filter>Source Files\MyInstruments</Filter>
    </ClCompile>
    <ClCompile Include="Button.cpp">
      <Filter>Source Files\MyInstruments</Filter>
    </ClCompile>
    <ClCompile Include="Switch.cpp">
      <Filter>Source Files\MyInstruments</Filter>
    </ClCompile>
    <ClCompile Include="SubSystemInstrument.cpp">
      <Filter>Source Files\MyInstruments</Filter>
    </ClCompile>
    <ClCompile Include="StatusLight.cpp">
      <Filter>Source Files\MyInstruments</Filter>
    </ClCompile>
  </ItemGroup>
  <ItemGroup>
    <ClInclude Include="Logger.h">
      <Filter>Header Files</Filter>
    </ClInclude>
    <ClInclude Include="InterplanetarySC.h">
      <Filter>Header Files</Filter>
    </ClInclude>
    <ClInclude Include="Link.h">
      <Filter>Header Files\SubSystems</Filter>
    </ClInclude>
    <ClInclude Include="Port.h">
      <Filter>Header Files\SubSystems</Filter>
    </ClInclude>
    <ClInclude Include="SubSystem.h">
      <Filter>Header Files\SubSystems</Filter>
    </ClInclude>
    <ClInclude Include="Thruster.h">
      <Filter>Header Files\SubSystems\AOCS</Filter>
    </ClInclude>
    <ClInclude Include="SubSystemLib.h">
      <Filter>Header Files\SubSystems</Filter>
    </ClInclude>
    <ClInclude Include="Battery.h">
      <Filter>Header Files\SubSystems\PSS</Filter>
    </ClInclude>
    <ClInclude Include="FuelCell.h">
      <Filter>Header Files\SubSystems\PSS</Filter>
    </ClInclude>
    <ClInclude Include="ThermalFissionGenerator.h">
      <Filter>Header Files\SubSystems\PSS</Filter>
    </ClInclude>
    <ClInclude Include="HydrogenTank.h">
      <Filter>Header Files\SubSystems\Misc</Filter>
    </ClInclude>
    <ClInclude Include="OxygenTank.h">
      <Filter>Header Files\SubSystems\Misc</Filter>
    </ClInclude>
    <ClInclude Include="Radiator.h">
      <Filter>Header Files\SubSystems\TCS</Filter>
    </ClInclude>
    <ClInclude Include="WaterTank.h">
      <Filter>Header Files\SubSystems\Misc</Filter>
    </ClInclude>
    <ClInclude Include="Instrument.h">
      <Filter>Header Files\External</Filter>
    </ClInclude>
    <ClInclude Include="Bar.h">
      <Filter>Header Files\MyInstruments</Filter>
    </ClInclude>
    <ClInclude Include="Button.h">
      <Filter>Header Files\MyInstruments</Filter>
    </ClInclude>
    <ClInclude Include="Switch.h">
      <Filter>Header Files\MyInstruments</Filter>
    </ClInclude>
    <ClInclude Include="SubSystemInstrument.h">
      <Filter>Header Files\MyInstruments</Filter>
    </ClInclude>
    <ClInclude Include="StatusLight.h">
      <Filter>Header Files\MyInstruments</Filter>
    </ClInclude>
    <ClInclude Include="TexturePositions.h">
      <Filter>Header Files\MyInstruments</Filter>
    </ClInclude>
  </ItemGroup>
</Project>